
Microsoft Visual Studio Solution File, Format Version 12.00
# Visual Studio Version 17
VisualStudioVersion = 17.1.32319.34
MinimumVisualStudioVersion = 10.0.40219.1
Project("{FAE04EC0-301F-11D3-BF4B-00C04F79EFBC}") = "TDD", "TDD.csproj", "{B4DE2D18-B8F9-4197-B765-9987C8BD557C}"
EndProject
Project("{FAE04EC0-301F-11D3-BF4B-00C04F79EFBC}") = "TDDTests", "..\FizzBuzzTests\TDDTests.csproj", "{9DC55B8D-7C09-4330-A351-DCA924E12B32}"
EndProject
Global
	GlobalSection(SolutionConfigurationPlatforms) = preSolution
		Debug|Any CPU = Debug|Any CPU
		Release|Any CPU = Release|Any CPU
	EndGlobalSection
	GlobalSection(ProjectConfigurationPlatforms) = postSolution
		{B4DE2D18-B8F9-4197-B765-9987C8BD557C}.Debug|Any CPU.ActiveCfg = Debug|Any CPU
		{B4DE2D18-B8F9-4197-B765-9987C8BD557C}.Debug|Any CPU.Build.0 = Debug|Any CPU
		{B4DE2D18-B8F9-4197-B765-9987C8BD557C}.Release|Any CPU.ActiveCfg = Release|Any CPU
		{B4DE2D18-B8F9-4197-B765-9987C8BD557C}.Release|Any CPU.Build.0 = Release|Any CPU
		{9DC55B8D-7C09-4330-A351-DCA924E12B32}.Debug|Any CPU.ActiveCfg = Debug|Any CPU
		{9DC55B8D-7C09-4330-A351-DCA924E12B32}.Debug|Any CPU.Build.0 = Debug|Any CPU
		{9DC55B8D-7C09-4330-A351-DCA924E12B32}.Release|Any CPU.ActiveCfg = Release|Any CPU
		{9DC55B8D-7C09-4330-A351-DCA924E12B32}.Release|Any CPU.Build.0 = Release|Any CPU
	EndGlobalSection
	GlobalSection(SolutionProperties) = preSolution
		HideSolutionNode = FALSE
	EndGlobalSection
	GlobalSection(ExtensibilityGlobals) = postSolution
		SolutionGuid = {5EF879A4-AEDA-4C90-B8E8-FF39D31BA7FA}
	EndGlobalSection
EndGlobal
